{
  "name": "kamekichi_potal",
  "lockfileVersion": 3,
  "requires": true,
  "packages": {
    "": {
      "dependencies": {
        "node-github-pages": "^0.1.1"
      }
    },
    "node_modules/node-github-pages": {
      "version": "0.1.1",
      "resolved": "https://registry.npmjs.org/node-github-pages/-/node-github-pages-0.1.1.tgz",
      "integrity": "sha512-Zk+/rdoRV+G0jHsdoKHP52nENMRv8II1B3C+7oHdIbjP+xdXpGsOICxPWqcqOYDY7A9njbU1btFrX66EogxahA==",
      "engines": {
        "node": ">=4.0.0"
      }
    }
  }
}
